
Microsoft Visual Studio Solution File, Format Version 12.00
# Visual Studio Version 16
VisualStudioVersion = 16.0.31019.35
MinimumVisualStudioVersion = 10.0.40219.1
Project("{FAE04EC0-301F-11D3-BF4B-00C04F79EFBC}") = "MVCAuthorizeFilter", "MVCAuthorizeFilter\MVCAuthorizeFilter.csproj", "{01463E69-1E4F-48EE-BAF4-C6297B425C1E}"
EndProject
Global
	GlobalSection(SolutionConfigurationPlatforms) = preSolution
		Debug|Any CPU = Debug|Any CPU
		Release|Any CPU = Release|Any CPU
	EndGlobalSection
	GlobalSection(ProjectConfigurationPlatforms) = postSolution
		{01463E69-1E4F-48EE-BAF4-C6297B425C1E}.Debug|Any CPU.ActiveCfg = Debug|Any CPU
		{01463E69-1E4F-48EE-BAF4-C6297B425C1E}.Debug|Any CPU.Build.0 = Debug|Any CPU
		{01463E69-1E4F-48EE-BAF4-C6297B425C1E}.Release|Any CPU.ActiveCfg = Release|Any CPU
		{01463E69-1E4F-48EE-BAF4-C6297B425C1E}.Release|Any CPU.Build.0 = Release|Any CPU
	EndGlobalSection
	GlobalSection(SolutionProperties) = preSolution
		HideSolutionNode = FALSE
	EndGlobalSection
	GlobalSection(ExtensibilityGlobals) = postSolution
		SolutionGuid = {1DF35256-5A2D-4A90-A946-CA342743A3AE}
	EndGlobalSection
EndGlobal
